<?xml version="1.0" encoding="UTF-8"?>
<CONFIG>
  <ProjectOptions>
    <Version Value="10"/>
    <General>
      <MainUnit Value="0"/>
      <Title Value="MCX Studio"/>
      <UseXPManifest Value="True"/>
      <XPManifest>
        <DpiAware Value="True"/>
      </XPManifest>
      <Icon Value="0"/>
    </General>
    <VersionInfo>
      <UseVersionInfo Value="True"/>
      <AutoIncrementBuild Value="True"/>
      <MinorVersionNr Value="9"/>
      <BuildNr Value="501"/>
      <StringTable Comments="A unified GUI for MCX, MMC and MCXCL" CompanyName="Northeastern University" FileDescription="MCX Studio" InternalName="MCX Studio" LegalCopyright="2009,2010 Qianqian Fang" LegalTrademarks="MCX Studio" ProductName="MCX Studio" ProductVersion="0.0.0.1"/>
    </VersionInfo>
    <BuildModes Count="3" Active="Debug">
      <Item1 Name="default" Default="True"/>
      <Item2 Name="Debug">
        <CompilerOptions>
          <Version Value="11"/>
          <SearchPaths>
            <IncludeFiles Value="$(ProjOutDir)"/>
            <UnitOutputDirectory Value="debug"/>
          </SearchPaths>
          <Parsing>
            <SyntaxOptions>
              <CStyleOperator Value="False"/>
              <IncludeAssertionCode Value="True"/>
              <UseAnsiStrings Value="False"/>
            </SyntaxOptions>
          </Parsing>
          <CodeGeneration>
            <Checks>
              <IOChecks Value="True"/>
              <RangeChecks Value="True"/>
              <OverflowChecks Value="True"/>
              <StackChecks Value="True"/>
            </Checks>
          </CodeGeneration>
          <Linking>
            <Debugging>
              <DebugInfoType Value="dsDwarf2Set"/>
              <UseHeaptrc Value="True"/>
              <StripSymbols Value="True"/>
              <UseExternalDbgSyms Value="True"/>
            </Debugging>
            <Options>
              <Win32>
                <GraphicApplication Value="True"/>
              </Win32>
            </Options>
          </Linking>
        </CompilerOptions>
      </Item2>
      <Item3 Name="Release">
        <CompilerOptions>
          <Version Value="11"/>
          <SearchPaths>
            <IncludeFiles Value="$(ProjOutDir)"/>
            <UnitOutputDirectory Value="debug"/>
          </SearchPaths>
          <Parsing>
            <SyntaxOptions>
              <CStyleOperator Value="False"/>
              <UseAnsiStrings Value="False"/>
            </SyntaxOptions>
          </Parsing>
          <CodeGeneration>
            <SmartLinkUnit Value="True"/>
            <Optimizations>
              <OptimizationLevel Value="3"/>
            </Optimizations>
          </CodeGeneration>
          <Linking>
            <Debugging>
              <GenerateDebugInfo Value="False"/>
              <UseLineInfoUnit Value="False"/>
              <StripSymbols Value="True"/>
            </Debugging>
            <LinkSmart Value="True"/>
            <Options>
              <Win32>
                <GraphicApplication Value="True"/>
              </Win32>
            </Options>
          </Linking>
        </CompilerOptions>
      </Item3>
    </BuildModes>
    <PublishOptions>
      <Version Value="2"/>
      <IgnoreBinaries Value="False"/>
      <IncludeFileFilter Value="*.(pas|pp|inc|lfm|lpr|lrs|lpi|lpk|sh|xml)"/>
      <ExcludeFileFilter Value="*.(bak|ppu|ppw|o|so);*~;backup"/>
    </PublishOptions>
    <RunParams>
      <local>
        <FormatVersion Value="1"/>
        <LaunchingApplication PathPlusParams="/usr/X11R6/bin/xterm -T 'Lazarus Run Output' -e $(LazarusDir)/tools/runwait.sh $(TargetCmdLine)"/>
      </local>
    </RunParams>
    <RequiredPackages Count="5">
      <Item1>
        <PackageName Value="SynEdit"/>
      </Item1>
      <Item2>
        <PackageName Value="TAChartLazarusPkg"/>
      </Item2>
      <Item3>
        <PackageName Value="LazControls"/>
      </Item3>
      <Item4>
        <PackageName Value="FCL"/>
        <MinVersion Major="1" Valid="True"/>
      </Item4>
      <Item5>
        <PackageName Value="LCL"/>
      </Item5>
    </RequiredPackages>
    <Units Count="39">
      <Unit0>
        <Filename Value="mcxstudio.lpr"/>
        <IsPartOfProject Value="True"/>
        <EditorIndex Value="5"/>
        <CursorPos X="31" Y="12"/>
        <UsageCount Value="230"/>
        <Loaded Value="True"/>
      </Unit0>
      <Unit1>
        <Filename Value="mcxgui.pas"/>
        <IsPartOfProject Value="True"/>
        <ComponentName Value="fmMCX"/>
        <HasResources Value="True"/>
        <ResourceBaseClass Value="Form"/>
        <IsVisibleTab Value="True"/>
        <TopLine Value="398"/>
        <CursorPos X="5" Y="413"/>
        <UsageCount Value="230"/>
        <Bookmarks Count="1">
          <Item0 Y="787" ID="9"/>
        </Bookmarks>
        <Loaded Value="True"/>
        <LoadedDesigner Value="True"/>
      </Unit1>
      <Unit2>
        <Filename Value="mcxabout.pas"/>
        <IsPartOfProject Value="True"/>
        <ComponentName Value="fmAbout"/>
        <HasResources Value="True"/>
        <ResourceBaseClass Value="Form"/>
        <EditorIndex Value="1"/>
        <TopLine Value="10"/>
        <CursorPos X="17" Y="11"/>
        <UsageCount Value="229"/>
        <Loaded Value="True"/>
      </Unit2>
      <Unit3>
        <Filename Value="/usr/lib/lazarus/1.6/lcl/grids.pas"/>
        <UnitName Value="Grids"/>
        <EditorIndex Value="-1"/>
        <TopLine Value="10322"/>
        <CursorPos Y="10335"/>
        <UsageCount Value="16"/>
      </Unit3>
      <Unit4>
        <Filename Value="default.json"/>
        <EditorIndex Value="-1"/>
        <WindowIndex Value="-1"/>
        <TopLine Value="-1"/>
        <CursorPos X="-1" Y="-1"/>
        <UsageCount Value="1"/>
        <DefaultSyntaxHighlighter Value="None"/>
      </Unit4>
      <Unit5>
        <Filename Value="mcxdefaultinput.json"/>
        <EditorIndex Value="-1"/>
        <WindowIndex Value="-1"/>
        <TopLine Value="-1"/>
        <CursorPos X="-1" Y="-1"/>
        <UsageCount Value="133"/>
        <DefaultSyntaxHighlighter Value="None"/>
      </Unit5>
      <Unit6>
        <Filename Value="mcxdefaultinput.lrs"/>
        <EditorIndex Value="-1"/>
        <CursorPos X="41" Y="18"/>
        <UsageCount Value="3"/>
      </Unit6>
      <Unit7>
        <Filename Value="/usr/lib/lazarus/1.6/lcl/lresources.pp"/>
        <UnitName Value="LResources"/>
        <EditorIndex Value="-1"/>
        <TopLine Value="57"/>
        <CursorPos X="3" Y="81"/>
        <UsageCount Value="3"/>
      </Unit7>
      <Unit8>
        <Filename Value="/usr/share/fpcsrc/3.0.0/packages/fcl-json/src/fpjson.pp"/>
        <EditorIndex Value="-1"/>
        <TopLine Value="2576"/>
        <CursorPos X="51" Y="2588"/>
        <UsageCount Value="75"/>
      </Unit8>
      <Unit9>
        <Filename Value="/usr/lib/lazarus/1.6/lcl/include/treeview.inc"/>
        <EditorIndex Value="-1"/>
        <TopLine Value="2450"/>
        <CursorPos Y="2468"/>
        <UsageCount Value="64"/>
      </Unit9>
      <Unit10>
        <Filename Value="/usr/share/fpcsrc/3.0.0/rtl/objpas/classes/classesh.inc"/>
        <EditorIndex Value="-1"/>
        <TopLine Value="681"/>
        <CursorPos X="44" Y="703"/>
        <UsageCount Value="27"/>
      </Unit10>
      <Unit11>
        <Filename Value="mcxshape.pas"/>
        <IsPartOfProject Value="True"/>
        <ComponentName Value="fmShapeEditor"/>
        <HasResources Value="True"/>
        <ResourceBaseClass Value="Form"/>
        <EditorIndex Value="4"/>
        <TopLine Value="56"/>
        <CursorPos X="16" Y="60"/>
        <UsageCount Value="201"/>
        <Loaded Value="True"/>
      </Unit11>
      <Unit12>
        <Filename Value="/usr/lib/lazarus/1.6/lcl/include/control.inc"/>
        <EditorIndex Value="-1"/>
        <TopLine Value="2094"/>
        <CursorPos Y="2125"/>
        <UsageCount Value="53"/>
      </Unit12>
      <Unit13>
        <Filename Value="/usr/lib/lazarus/1.6/lcl/include/buttoncontrol.inc"/>
        <EditorIndex Value="-1"/>
        <TopLine Value="4"/>
        <CursorPos Y="21"/>
        <UsageCount Value="35"/>
      </Unit13>
      <Unit14>
        <Filename Value="/usr/lib/lazarus/1.6/lcl/include/containedaction.inc"/>
        <EditorIndex Value="-1"/>
        <TopLine Value="61"/>
        <CursorPos X="24" Y="68"/>
        <UsageCount Value="10"/>
      </Unit14>
      <Unit15>
        <Filename Value="/usr/lib/lazarus/1.6/lcl/include/listitem.inc"/>
        <EditorIndex Value="-1"/>
        <TopLine Value="576"/>
        <CursorPos Y="600"/>
        <UsageCount Value="7"/>
      </Unit15>
      <Unit16>
        <Filename Value="/usr/lib/lazarus/1.6/lcl/include/custombitmap.inc"/>
        <EditorIndex Value="-1"/>
        <TopLine Value="173"/>
        <CursorPos X="58" Y="191"/>
        <UsageCount Value="5"/>
      </Unit16>
      <Unit17>
        <Filename Value="/usr/lib/lazarus/1.6/lcl/include/customform.inc"/>
        <EditorIndex Value="-1"/>
        <TopLine Value="952"/>
        <CursorPos Y="969"/>
        <UsageCount Value="8"/>
      </Unit17>
      <Unit18>
        <Filename Value="/usr/lib/lazarus/1.6/lcl/include/application.inc"/>
        <EditorIndex Value="-1"/>
        <TopLine Value="1059"/>
        <CursorPos X="51" Y="1079"/>
        <UsageCount Value="5"/>
      </Unit18>
      <Unit19>
        <Filename Value="/usr/lib/lazarus/1.6/lcl/lclmessageglue.pas"/>
        <UnitName Value="LCLMessageGlue"/>
        <EditorIndex Value="-1"/>
        <TopLine Value="93"/>
        <CursorPos Y="112"/>
        <UsageCount Value="30"/>
      </Unit19>
      <Unit20>
        <Filename Value="/usr/share/fpcsrc/3.0.0/packages/regexpr/src/regexpr.pas"/>
        <UnitName Value="RegExpr"/>
        <EditorIndex Value="-1"/>
        <TopLine Value="609"/>
        <CursorPos X="51" Y="625"/>
        <UsageCount Value="21"/>
      </Unit20>
      <Unit21>
        <Filename Value="/usr/share/fpcsrc/3.0.0/packages/regexpr/src/regex.pp"/>
        <UnitName Value="Regex"/>
        <EditorIndex Value="-1"/>
        <CursorPos X="41" Y="23"/>
        <UsageCount Value="20"/>
      </Unit21>
      <Unit22>
        <Filename Value="/usr/lib/lazarus/1.6/lcl/comctrls.pp"/>
        <UnitName Value="ComCtrls"/>
        <EditorIndex Value="-1"/>
        <TopLine Value="25"/>
        <CursorPos X="5" Y="50"/>
        <UsageCount Value="6"/>
      </Unit22>
      <Unit23>
        <Filename Value="/usr/lib/lazarus/1.6/lcl/interfaces/gtk2/gtk2widgetset.inc"/>
        <EditorIndex Value="-1"/>
        <TopLine Value="1288"/>
        <CursorPos X="25" Y="1297"/>
        <UsageCount Value="19"/>
      </Unit23>
      <Unit24>
        <Filename Value="/usr/lib/lazarus/1.6/lcl/clipbrd.pp"/>
        <UnitName Value="Clipbrd"/>
        <EditorIndex Value="-1"/>
        <UsageCount Value="3"/>
      </Unit24>
      <Unit25>
        <Filename Value="C:/lazarus/fpc/3.0.2/source/rtl/objpas/sysutils/sysutilh.inc"/>
        <EditorIndex Value="-1"/>
        <TopLine Value="306"/>
        <CursorPos X="13" Y="320"/>
        <UsageCount Value="6"/>
      </Unit25>
      <Unit26>
        <Filename Value="mcxnewsession.pas"/>
        <IsPartOfProject Value="True"/>
        <ComponentName Value="fmNewSession"/>
        <HasResources Value="True"/>
        <ResourceBaseClass Value="Form"/>
        <EditorIndex Value="3"/>
        <TopLine Value="29"/>
        <CursorPos X="13" Y="39"/>
        <UsageCount Value="93"/>
        <Loaded Value="True"/>
      </Unit26>
      <Unit27>
        <Filename Value="/usr/lib/lazarus/1.6/lcl/include/radiogroup.inc"/>
        <EditorIndex Value="-1"/>
        <TopLine Value="350"/>
        <CursorPos X="13" Y="355"/>
        <UsageCount Value="10"/>
      </Unit27>
      <Unit28>
        <Filename Value="mcxgui.lfm"/>
        <EditorIndex Value="-1"/>
        <TopLine Value="1253"/>
        <CursorPos X="22" Y="1410"/>
        <UsageCount Value="8"/>
        <DefaultSyntaxHighlighter Value="LFM"/>
      </Unit28>
      <Unit29>
        <Filename Value="/usr/lib/lazarus/1.6/lcl/asyncprocess.pp"/>
        <UnitName Value="AsyncProcess"/>
        <EditorIndex Value="-1"/>
        <UsageCount Value="8"/>
      </Unit29>
      <Unit30>
        <Filename Value="mcxsource.pas"/>
        <IsPartOfProject Value="True"/>
        <ComponentName Value="fmSource"/>
        <HasResources Value="True"/>
        <ResourceBaseClass Value="Form"/>
        <EditorIndex Value="2"/>
        <TopLine Value="108"/>
        <CursorPos X="43" Y="112"/>
        <UsageCount Value="84"/>
        <Loaded Value="True"/>
      </Unit30>
      <Unit31>
        <Filename Value="/usr/share/fpcsrc/3.0.0/rtl/inc/objpash.inc"/>
        <EditorIndex Value="-1"/>
        <TopLine Value="180"/>
        <CursorPos X="8" Y="188"/>
        <UsageCount Value="9"/>
      </Unit31>
      <Unit32>
        <Filename Value="/usr/lib/lazarus/1.6/lcl/include/buttons.inc"/>
        <EditorIndex Value="-1"/>
        <TopLine Value="153"/>
        <CursorPos Y="170"/>
        <UsageCount Value="19"/>
      </Unit32>
      <Unit33>
        <Filename Value="/usr/lib/lazarus/1.6/lcl/include/wincontrol.inc"/>
        <EditorIndex Value="-1"/>
        <TopLine Value="5329"/>
        <CursorPos Y="5384"/>
        <UsageCount Value="19"/>
      </Unit33>
      <Unit34>
        <Filename Value="/usr/lib/lazarus/1.6/lcl/interfaces/gtk2/gtk2wsstdctrls.pp"/>
        <UnitName Value="Gtk2WSStdCtrls"/>
        <EditorIndex Value="-1"/>
        <TopLine Value="2411"/>
        <CursorPos Y="2428"/>
        <UsageCount Value="19"/>
      </Unit34>
      <Unit35>
        <Filename Value="/usr/share/fpcsrc/3.0.0/rtl/objpas/sysutils/sysutilh.inc"/>
        <EditorIndex Value="-1"/>
        <TopLine Value="12"/>
        <CursorPos X="24" Y="29"/>
        <UsageCount Value="11"/>
      </Unit35>
      <Unit36>
        <Filename Value="C:/lazarus/lcl/dialogs.pp"/>
        <UnitName Value="Dialogs"/>
        <EditorIndex Value="-1"/>
        <TopLine Value="13"/>
        <CursorPos X="13" Y="36"/>
        <UsageCount Value="12"/>
      </Unit36>
      <Unit37>
        <Filename Value="C:/lazarus/lcl/forms.pp"/>
        <UnitName Value="Forms"/>
        <EditorIndex Value="-1"/>
        <TopLine Value="349"/>
        <CursorPos X="15" Y="375"/>
        <UsageCount Value="12"/>
      </Unit37>
      <Unit38>
        <Filename Value="/usr/share/fpcsrc/3.0.0/rtl/objpas/classes/stringl.inc"/>
        <EditorIndex Value="-1"/>
        <TopLine Value="285"/>
        <CursorPos Y="294"/>
        <UsageCount Value="10"/>
      </Unit38>
    </Units>
    <JumpHistory Count="28" HistoryIndex="27">
      <Position1>
        <Filename Value="mcxgui.pas"/>
      </Position1>
      <Position2>
        <Filename Value="mcxgui.pas"/>
        <Caret Line="259" Column="23" TopLine="236"/>
      </Position2>
      <Position3>
        <Filename Value="mcxgui.pas"/>
        <Caret Line="1002" Column="54" TopLine="938"/>
      </Position3>
      <Position4>
        <Filename Value="mcxgui.pas"/>
        <Caret Line="696" Column="32" TopLine="694"/>
      </Position4>
      <Position5>
        <Filename Value="mcxgui.pas"/>
        <Caret Line="690" Column="32" TopLine="684"/>
      </Position5>
      <Position6>
        <Filename Value="mcxgui.pas"/>
        <Caret Line="19" Column="39"/>
      </Position6>
      <Position7>
        <Filename Value="mcxgui.pas"/>
      </Position7>
      <Position8>
        <Filename Value="mcxgui.pas"/>
        <Caret Line="321" Column="23" TopLine="292"/>
      </Position8>
      <Position9>
        <Filename Value="mcxgui.pas"/>
        <Caret Line="1148" Column="30" TopLine="1118"/>
      </Position9>
      <Position10>
        <Filename Value="mcxgui.pas"/>
        <Caret Line="1653" Column="29" TopLine="1647"/>
      </Position10>
      <Position11>
        <Filename Value="mcxgui.pas"/>
      </Position11>
      <Position12>
        <Filename Value="mcxgui.pas"/>
        <Caret Line="321" Column="27" TopLine="292"/>
      </Position12>
      <Position13>
        <Filename Value="mcxgui.pas"/>
        <Caret Line="1138" Column="46" TopLine="1118"/>
      </Position13>
      <Position14>
        <Filename Value="mcxgui.pas"/>
        <Caret Line="1156" Column="20" TopLine="1126"/>
      </Position14>
      <Position15>
        <Filename Value="mcxgui.pas"/>
        <Caret Line="1705" Column="38" TopLine="1690"/>
      </Position15>
      <Position16>
        <Filename Value="mcxgui.pas"/>
      </Position16>
      <Position17>
        <Filename Value="mcxgui.pas"/>
        <Caret Line="636" Column="24" TopLine="609"/>
      </Position17>
      <Position18>
        <Filename Value="mcxgui.pas"/>
        <Caret Line="1105" Column="22" TopLine="1100"/>
      </Position18>
      <Position19>
        <Filename Value="mcxgui.pas"/>
      </Position19>
      <Position20>
        <Filename Value="mcxgui.pas"/>
        <Caret Line="318" Column="27" TopLine="289"/>
      </Position20>
      <Position21>
        <Filename Value="mcxgui.pas"/>
        <Caret Line="800" Column="25" TopLine="770"/>
      </Position21>
      <Position22>
        <Filename Value="mcxgui.pas"/>
        <Caret Line="1105" Column="22" TopLine="1075"/>
      </Position22>
      <Position23>
        <Filename Value="mcxgui.pas"/>
        <Caret Line="2441" Column="27" TopLine="2418"/>
      </Position23>
      <Position24>
        <Filename Value="mcxgui.pas"/>
      </Position24>
      <Position25>
        <Filename Value="mcxgui.pas"/>
        <Caret Line="331" Column="24" TopLine="302"/>
      </Position25>
      <Position26>
        <Filename Value="mcxgui.pas"/>
        <Caret Line="2172" TopLine="2160"/>
      </Position26>
      <Position27>
        <Filename Value="mcxgui.pas"/>
        <Caret Line="2172" TopLine="2160"/>
      </Position27>
      <Position28>
        <Filename Value="mcxgui.pas"/>
        <Caret Line="2175" Column="47" TopLine="2160"/>
      </Position28>
    </JumpHistory>
  </ProjectOptions>
  <CompilerOptions>
    <Version Value="11"/>
    <SearchPaths>
      <IncludeFiles Value="$(ProjOutDir)"/>
      <UnitOutputDirectory Value="debug"/>
    </SearchPaths>
    <Parsing>
      <SyntaxOptions>
        <CStyleOperator Value="False"/>
        <UseAnsiStrings Value="False"/>
      </SyntaxOptions>
    </Parsing>
    <CodeGeneration>
      <SmartLinkUnit Value="True"/>
    </CodeGeneration>
    <Linking>
      <Debugging>
        <GenerateDebugInfo Value="False"/>
        <UseLineInfoUnit Value="False"/>
        <StripSymbols Value="True"/>
      </Debugging>
      <LinkSmart Value="True"/>
      <Options>
        <Win32>
          <GraphicApplication Value="True"/>
        </Win32>
      </Options>
    </Linking>
  </CompilerOptions>
  <Debugging>
    <BreakPoints Count="1">
      <Item1>
        <Kind Value="bpkSource"/>
        <WatchScope Value="wpsLocal"/>
        <WatchKind Value="wpkWrite"/>
        <Source Value="mcxgui.pas"/>
        <Line Value="483"/>
      </Item1>
    </BreakPoints>
    <Watches Count="4">
      <Item1>
        <Expression Value="pMCX.Running"/>
      </Item1>
      <Item2>
        <Expression Value="ss"/>
      </Item2>
      <Item3>
        <Expression Value="node.Caption"/>
        <DisplayStyle Value="wdfString"/>
      </Item3>
      <Item4>
        <Expression Value="Buffer"/>
      </Item4>
    </Watches>
  </Debugging>
</CONFIG>
