<?xml version="1.0" encoding="UTF-8"?>
<CONFIG>
  <ProjectOptions>
    <Version Value="10"/>
    <General>
      <MainUnit Value="0"/>
      <Title Value="MCX Studio"/>
      <Scaled Value="True"/>
      <UseXPManifest Value="True"/>
      <XPManifest>
        <DpiAware Value="True"/>
        <TextName Value="Qianqian Fang"/>
        <TextDesc Value="MCX Studio - a GUI for Monte Carlo eXtreme"/>
      </XPManifest>
      <Icon Value="0"/>
    </General>
    <VersionInfo>
      <UseVersionInfo Value="True"/>
      <AutoIncrementBuild Value="True"/>
      <MinorVersionNr Value="9"/>
      <BuildNr Value="549"/>
      <StringTable Comments="A unified GUI for MCX, MMC and MCXCL" CompanyName="Northeastern University" FileDescription="MCX Studio" InternalName="MCX Studio" LegalCopyright="2009,2010 Qianqian Fang" LegalTrademarks="MCX Studio" ProductName="MCX Studio" ProductVersion="0.0.0.1"/>
    </VersionInfo>
    <BuildModes Count="3" Active="Debug">
      <Item1 Name="default" Default="True"/>
      <Item2 Name="Debug">
        <CompilerOptions>
          <Version Value="11"/>
          <SearchPaths>
            <IncludeFiles Value="$(ProjOutDir)"/>
            <UnitOutputDirectory Value="debug"/>
          </SearchPaths>
          <Parsing>
            <SyntaxOptions>
              <CStyleOperator Value="False"/>
              <IncludeAssertionCode Value="True"/>
            </SyntaxOptions>
          </Parsing>
          <CodeGeneration>
            <Checks>
              <IOChecks Value="True"/>
              <RangeChecks Value="True"/>
              <OverflowChecks Value="True"/>
              <StackChecks Value="True"/>
            </Checks>
          </CodeGeneration>
          <Linking>
            <Debugging>
              <DebugInfoType Value="dsDwarf2Set"/>
              <UseHeaptrc Value="True"/>
              <StripSymbols Value="True"/>
              <UseExternalDbgSyms Value="True"/>
            </Debugging>
            <Options>
              <Win32>
                <GraphicApplication Value="True"/>
              </Win32>
            </Options>
          </Linking>
        </CompilerOptions>
      </Item2>
      <Item3 Name="Release">
        <CompilerOptions>
          <Version Value="11"/>
          <SearchPaths>
            <IncludeFiles Value="$(ProjOutDir)"/>
            <UnitOutputDirectory Value="debug"/>
          </SearchPaths>
          <Parsing>
            <SyntaxOptions>
              <CStyleOperator Value="False"/>
              <UseAnsiStrings Value="False"/>
            </SyntaxOptions>
          </Parsing>
          <CodeGeneration>
            <SmartLinkUnit Value="True"/>
            <Optimizations>
              <OptimizationLevel Value="3"/>
            </Optimizations>
            <SmallerCode Value="True"/>
          </CodeGeneration>
          <Linking>
            <Debugging>
              <GenerateDebugInfo Value="False"/>
              <UseLineInfoUnit Value="False"/>
              <StripSymbols Value="True"/>
            </Debugging>
            <LinkSmart Value="True"/>
            <Options>
              <Win32>
                <GraphicApplication Value="True"/>
              </Win32>
            </Options>
          </Linking>
        </CompilerOptions>
      </Item3>
    </BuildModes>
    <PublishOptions>
      <Version Value="2"/>
      <IgnoreBinaries Value="False"/>
      <IncludeFileFilter Value="*.(pas|pp|inc|lfm|lpr|lrs|lpi|lpk|sh|xml)"/>
      <ExcludeFileFilter Value="*.(bak|ppu|ppw|o|so);*~;backup"/>
    </PublishOptions>
    <RunParams>
      <local>
        <FormatVersion Value="1"/>
        <LaunchingApplication PathPlusParams="/usr/X11R6/bin/xterm -T 'Lazarus Run Output' -e $(LazarusDir)/tools/runwait.sh $(TargetCmdLine)"/>
      </local>
    </RunParams>
    <RequiredPackages Count="8">
      <Item1>
        <PackageName Value="GLScene_RunTime"/>
      </Item1>
      <Item2>
        <PackageName Value="GLScene_DesignTime"/>
      </Item2>
      <Item3>
        <PackageName Value="anchordocking"/>
      </Item3>
      <Item4>
        <PackageName Value="SynEdit"/>
      </Item4>
      <Item5>
        <PackageName Value="TAChartLazarusPkg"/>
      </Item5>
      <Item6>
        <PackageName Value="LazControls"/>
      </Item6>
      <Item7>
        <PackageName Value="FCL"/>
        <MinVersion Major="1" Valid="True"/>
      </Item7>
      <Item8>
        <PackageName Value="LCL"/>
      </Item8>
    </RequiredPackages>
    <Units Count="14">
      <Unit0>
        <Filename Value="mcxstudio.lpr"/>
        <IsPartOfProject Value="True"/>
        <EditorIndex Value="12"/>
        <CursorPos X="31" Y="8"/>
        <UsageCount Value="230"/>
        <Loaded Value="True"/>
      </Unit0>
      <Unit1>
        <Filename Value="mcxgui.pas"/>
        <IsPartOfProject Value="True"/>
        <ComponentName Value="fmMCX"/>
        <HasResources Value="True"/>
        <ResourceBaseClass Value="Form"/>
        <IsVisibleTab Value="True"/>
        <TopLine Value="2213"/>
        <CursorPos X="62" Y="2223"/>
        <UsageCount Value="230"/>
        <Bookmarks Count="1">
          <Item0 Y="924" ID="9"/>
        </Bookmarks>
        <Loaded Value="True"/>
        <LoadedDesigner Value="True"/>
      </Unit1>
      <Unit2>
        <Filename Value="mcxabout.pas"/>
        <IsPartOfProject Value="True"/>
        <ComponentName Value="fmAbout"/>
        <HasResources Value="True"/>
        <ResourceBaseClass Value="Form"/>
        <EditorIndex Value="7"/>
        <CursorPos X="4" Y="6"/>
        <UsageCount Value="229"/>
        <Loaded Value="True"/>
        <LoadedDesigner Value="True"/>
      </Unit2>
      <Unit3>
        <Filename Value="mcxshape.pas"/>
        <IsPartOfProject Value="True"/>
        <ComponentName Value="fmShapeEditor"/>
        <HasResources Value="True"/>
        <ResourceBaseClass Value="Form"/>
        <EditorIndex Value="11"/>
        <TopLine Value="16"/>
        <CursorPos X="40" Y="16"/>
        <UsageCount Value="201"/>
        <Loaded Value="True"/>
      </Unit3>
      <Unit4>
        <Filename Value="mcxnewsession.pas"/>
        <IsPartOfProject Value="True"/>
        <ComponentName Value="fmNewSession"/>
        <HasResources Value="True"/>
        <ResourceBaseClass Value="Form"/>
        <EditorIndex Value="9"/>
        <CursorPos X="71" Y="11"/>
        <UsageCount Value="200"/>
        <Loaded Value="True"/>
      </Unit4>
      <Unit5>
        <Filename Value="mcxsource.pas"/>
        <IsPartOfProject Value="True"/>
        <ComponentName Value="fmSource"/>
        <HasResources Value="True"/>
        <ResourceBaseClass Value="Form"/>
        <EditorIndex Value="8"/>
        <TopLine Value="124"/>
        <CursorPos X="5" Y="154"/>
        <UsageCount Value="239"/>
        <Loaded Value="True"/>
      </Unit5>
      <Unit6>
        <Filename Value="mcxoutput.pas"/>
        <IsPartOfProject Value="True"/>
        <ComponentName Value="fmOutput"/>
        <HasResources Value="True"/>
        <ResourceBaseClass Value="Form"/>
        <EditorIndex Value="6"/>
        <TopLine Value="10"/>
        <CursorPos X="60" Y="29"/>
        <UsageCount Value="200"/>
        <Loaded Value="True"/>
        <LoadedDesigner Value="True"/>
      </Unit6>
      <Unit7>
        <Filename Value="sendkeys.pas"/>
        <IsPartOfProject Value="True"/>
        <UnitName Value="SendKeys"/>
        <EditorIndex Value="-1"/>
        <TopLine Value="102"/>
        <CursorPos X="22" Y="138"/>
        <UsageCount Value="138"/>
      </Unit7>
      <Unit8>
        <Filename Value="mcxrender.pas"/>
        <IsPartOfProject Value="True"/>
        <ComponentName Value="fmDomain"/>
        <HasResources Value="True"/>
        <ResourceBaseClass Value="Form"/>
        <EditorIndex Value="3"/>
        <CursorPos X="61" Y="21"/>
        <UsageCount Value="136"/>
        <Loaded Value="True"/>
      </Unit8>
      <Unit9>
        <Filename Value="mcxview.pas"/>
        <IsPartOfProject Value="True"/>
        <ComponentName Value="fmViewer"/>
        <HasResources Value="True"/>
        <ResourceBaseClass Value="Form"/>
        <EditorIndex Value="4"/>
        <TopLine Value="136"/>
        <CursorPos X="23" Y="156"/>
        <UsageCount Value="54"/>
        <Loaded Value="True"/>
        <LoadedDesigner Value="True"/>
      </Unit9>
      <Unit10>
        <Filename Value="texture_3d.pas"/>
        <IsPartOfProject Value="True"/>
        <EditorIndex Value="5"/>
        <CursorPos X="69" Y="14"/>
        <UsageCount Value="54"/>
        <Loaded Value="True"/>
      </Unit10>
      <Unit11>
        <Filename Value="mcxloadfile.pas"/>
        <IsPartOfProject Value="True"/>
        <ComponentName Value="fmDataFile"/>
        <HasResources Value="True"/>
        <ResourceBaseClass Value="Form"/>
        <EditorIndex Value="10"/>
        <CursorPos X="28" Y="13"/>
        <UsageCount Value="26"/>
        <Loaded Value="True"/>
        <LoadedDesigner Value="True"/>
      </Unit11>
      <Unit12>
        <Filename Value="/usr/share/fpcsrc/3.0.4/packages/rtl-objpas/src/inc/strutils.pp"/>
        <EditorIndex Value="2"/>
        <UsageCount Value="10"/>
        <Loaded Value="True"/>
      </Unit12>
      <Unit13>
        <Filename Value="/usr/share/fpcsrc/3.0.4/packages/regexpr/src/regexpr.pas"/>
        <UnitName Value="RegExpr"/>
        <EditorIndex Value="1"/>
        <TopLine Value="611"/>
        <CursorPos X="10" Y="625"/>
        <UsageCount Value="10"/>
        <Loaded Value="True"/>
      </Unit13>
    </Units>
    <Build>
      <CleanOutputFileMask Value="*.ppu;*.ppl;*.o;*.or"/>
    </Build>
    <JumpHistory Count="10" HistoryIndex="9">
      <Position1>
        <Filename Value="texture_3d.pas"/>
        <Caret Line="99" Column="41" TopLine="89"/>
      </Position1>
      <Position2>
        <Filename Value="mcxgui.pas"/>
        <Caret Line="1198" Column="44" TopLine="1189"/>
      </Position2>
      <Position3>
        <Filename Value="mcxgui.pas"/>
      </Position3>
      <Position4>
        <Filename Value="mcxgui.pas"/>
        <Caret Line="19" Column="72"/>
      </Position4>
      <Position5>
        <Filename Value="mcxgui.pas"/>
        <Caret Line="380" Column="22" TopLine="352"/>
      </Position5>
      <Position6>
        <Filename Value="mcxgui.pas"/>
        <Caret Line="1405" Column="23" TopLine="1377"/>
      </Position6>
      <Position7>
        <Filename Value="mcxgui.pas"/>
        <Caret Line="1675" Column="67" TopLine="1646"/>
      </Position7>
      <Position8>
        <Filename Value="mcxgui.pas"/>
        <Caret Line="2231" Column="98" TopLine="2213"/>
      </Position8>
      <Position9>
        <Filename Value="/usr/share/fpcsrc/3.0.4/packages/rtl-objpas/src/inc/strutils.pp"/>
        <Caret Line="138" TopLine="121"/>
      </Position9>
      <Position10>
        <Filename Value="mcxgui.pas"/>
        <Caret Line="2225" Column="62" TopLine="2213"/>
      </Position10>
    </JumpHistory>
  </ProjectOptions>
  <CompilerOptions>
    <Version Value="11"/>
    <SearchPaths>
      <IncludeFiles Value="$(ProjOutDir)"/>
      <UnitOutputDirectory Value="debug"/>
    </SearchPaths>
    <Parsing>
      <SyntaxOptions>
        <CStyleOperator Value="False"/>
        <UseAnsiStrings Value="False"/>
      </SyntaxOptions>
    </Parsing>
    <CodeGeneration>
      <SmartLinkUnit Value="True"/>
    </CodeGeneration>
    <Linking>
      <Debugging>
        <GenerateDebugInfo Value="False"/>
        <UseLineInfoUnit Value="False"/>
        <StripSymbols Value="True"/>
      </Debugging>
      <LinkSmart Value="True"/>
      <Options>
        <Win32>
          <GraphicApplication Value="True"/>
        </Win32>
      </Options>
    </Linking>
  </CompilerOptions>
</CONFIG>
